<?xml version="1.0" encoding="utf-8"?>
<Project ToolsVersion="4.0" xmlns="http://schemas.microsoft.com/developer/msbuild/2003">
  <ItemGroup>
    <ClCompile Include=".\stdafx.cpp" />
    <ClCompile Include=".\wizardworm.cpp" />
    <ClCompile Include="gui\Bar.cpp">
      <Filter>gui\sources</Filter>
    </ClCompile>
    <ClCompile Include="gui\Drawable.cpp">
      <Filter>gui\sources</Filter>
    </ClCompile>
    <ClCompile Include="gui\Player.cpp">
      <Filter>gui\sources</Filter>
    </ClCompile>
    <ClCompile Include="gui\Window.cpp">
      <Filter>gui\sources</Filter>
    </ClCompile>
    <ClCompile Include="gui\Wizard.cpp">
      <Filter>gui\sources</Filter>
    </ClCompile>
    <ClCompile Include="engine\ClientEngine.cpp">
      <Filter>engine\sources</Filter>
    </ClCompile>
    <ClCompile Include="engine\IEngine.cpp">
      <Filter>engine\sources</Filter>
    </ClCompile>
    <ClCompile Include="engine\ServerEngine.cpp">
      <Filter>engine\sources</Filter>
    </ClCompile>
    <ClCompile Include="networking\NetworkManager.cpp">
      <Filter>networking\sources</Filter>
    </ClCompile>
    <ClCompile Include="networking\MessageHandler.cpp">
      <Filter>networking\sources</Filter>
    </ClCompile>
    <ClCompile Include="networking\LanServerHandler.cpp">
      <Filter>networking\sources</Filter>
    </ClCompile>
    <ClCompile Include="networking\LanHandler.cpp">
      <Filter>networking\sources</Filter>
    </ClCompile>
    <ClCompile Include="networking\LanClientHandler.cpp">
      <Filter>networking\sources</Filter>
    </ClCompile>
    <ClCompile Include="Spell.cpp">
      <Filter>gui\sources</Filter>
    </ClCompile>
    <ClCompile Include="Firebolt.cpp">
      <Filter>gui\sources</Filter>
    </ClCompile>
    <ClCompile Include="Animation.cpp">
      <Filter>gui\sources</Filter>
    </ClCompile>
    <ClCompile Include="Block.cpp">
      <Filter>gui\sources</Filter>
    </ClCompile>
    <ClCompile Include="Arrow.cpp">
      <Filter>gui\sources</Filter>
    </ClCompile>
    <ClCompile Include="Map.cpp">
      <Filter>gui\sources</Filter>
    </ClCompile>
    <ClCompile Include="MinorMap.cpp">
      <Filter>gui\sources</Filter>
    </ClCompile>
    <ClCompile Include="SpellBar.cpp">
      <Filter>gui\sources</Filter>
    </ClCompile>
    <ClCompile Include="Button.cpp">
      <Filter>gui\sources</Filter>
    </ClCompile>
    <ClCompile Include="LaserBeam.cpp">
      <Filter>gui\sources</Filter>
    </ClCompile>
  </ItemGroup>
  <ItemGroup>
    <ClInclude Include=".\stdafx.h" />
    <ClInclude Include=".\targetver.h" />
    <ClInclude Include="Logger.h" />
    <ClInclude Include="gui\Wizard.h">
      <Filter>gui\headers</Filter>
    </ClInclude>
    <ClInclude Include="gui\Bar.h">
      <Filter>gui\headers</Filter>
    </ClInclude>
    <ClInclude Include="gui\Drawable.h">
      <Filter>gui\headers</Filter>
    </ClInclude>
    <ClInclude Include="gui\Player.h">
      <Filter>gui\headers</Filter>
    </ClInclude>
    <ClInclude Include="gui\Window.h">
      <Filter>gui\headers</Filter>
    </ClInclude>
    <ClInclude Include="engine\ClientEngine.h">
      <Filter>engine\headers</Filter>
    </ClInclude>
    <ClInclude Include="engine\IEngine.h">
      <Filter>engine\headers</Filter>
    </ClInclude>
    <ClInclude Include="engine\ServerEngine.h">
      <Filter>engine\headers</Filter>
    </ClInclude>
    <ClInclude Include="networking\INWManager.h">
      <Filter>networking\headers</Filter>
    </ClInclude>
    <ClInclude Include="networking\LanClientHandler.h">
      <Filter>networking\headers</Filter>
    </ClInclude>
    <ClInclude Include="networking\LanHandler.h">
      <Filter>networking\headers</Filter>
    </ClInclude>
    <ClInclude Include="networking\LanServerHandler.h">
      <Filter>networking\headers</Filter>
    </ClInclude>
    <ClInclude Include="networking\MessageHandler.h">
      <Filter>networking\headers</Filter>
    </ClInclude>
    <ClInclude Include="networking\NetworkManager.h">
      <Filter>networking\headers</Filter>
    </ClInclude>
    <ClInclude Include="networking\TimerEndMsg.h">
      <Filter>networking\VWP messages</Filter>
    </ClInclude>
    <ClInclude Include="networking\MoveSetMsg.h">
      <Filter>networking\VWP messages</Filter>
    </ClInclude>
    <ClInclude Include="networking\Message.h">
      <Filter>networking\VWP messages</Filter>
    </ClInclude>
    <ClInclude Include="networking\MessageTypes.h">
      <Filter>networking\headers</Filter>
    </ClInclude>
    <ClInclude Include="gui\IWindow.h">
      <Filter>gui\headers</Filter>
    </ClInclude>
    <ClInclude Include="Spell.h">
      <Filter>gui\headers</Filter>
    </ClInclude>
    <ClInclude Include="Firebolt.h">
      <Filter>gui\headers</Filter>
    </ClInclude>
    <ClInclude Include="ApplicationManager.h" />
    <ClInclude Include="gui\Animation.h">
      <Filter>gui\headers</Filter>
    </ClInclude>
    <ClInclude Include="Block.h">
      <Filter>gui\headers</Filter>
    </ClInclude>
    <ClInclude Include="Arrow.h">
      <Filter>gui\headers</Filter>
    </ClInclude>
    <ClInclude Include="Map.h">
      <Filter>gui\headers</Filter>
    </ClInclude>
    <ClInclude Include="MinorMap.h">
      <Filter>gui\headers</Filter>
    </ClInclude>
    <ClInclude Include="engine\Objects.hpp" />
    <ClInclude Include="networking\NewMapMsg.h">
      <Filter>networking\VWP messages</Filter>
    </ClInclude>
    <ClInclude Include="engine\Objects.hpp" />
    <ClInclude Include="LaserBeam.h">
      <Filter>gui\headers</Filter>
    </ClInclude>
    <ClInclude Include="Button.h">
      <Filter>gui\headers</Filter>
    </ClInclude>
    <ClInclude Include="SpellBar.h">
      <Filter>gui\headers</Filter>
    </ClInclude>
  </ItemGroup>
  <ItemGroup>
    <Text Include=".\ReadMe.txt" />
  </ItemGroup>
  <ItemGroup>
    <Filter Include="gui">
      <UniqueIdentifier>{de5f80af-7825-4273-8906-077e28eafbe9}</UniqueIdentifier>
    </Filter>
    <Filter Include="gui\sources">
      <UniqueIdentifier>{22012675-9e25-4a89-8060-5ff4fe6bec02}</UniqueIdentifier>
    </Filter>
    <Filter Include="gui\headers">
      <UniqueIdentifier>{9dd4459e-6d24-401f-b583-67223302078e}</UniqueIdentifier>
    </Filter>
    <Filter Include="engine">
      <UniqueIdentifier>{805f5373-9166-41b8-9f2f-dc8e252b00c9}</UniqueIdentifier>
    </Filter>
    <Filter Include="engine\headers">
      <UniqueIdentifier>{c33374a0-8112-4508-b022-989e4e9c9320}</UniqueIdentifier>
    </Filter>
    <Filter Include="engine\sources">
      <UniqueIdentifier>{3829a879-fac1-495c-b1ea-3c10dfc18916}</UniqueIdentifier>
    </Filter>
    <Filter Include="networking">
      <UniqueIdentifier>{06c5a82b-5a78-47b3-a045-fafb7cd27cc8}</UniqueIdentifier>
    </Filter>
    <Filter Include="networking\headers">
      <UniqueIdentifier>{4a2641ab-5154-4a7a-9563-ede636dfd5bc}</UniqueIdentifier>
    </Filter>
    <Filter Include="networking\sources">
      <UniqueIdentifier>{fcba6775-3ea5-448b-892d-8edae983b733}</UniqueIdentifier>
    </Filter>
    <Filter Include="networking\VWP messages">
      <UniqueIdentifier>{72b89c57-a324-4b61-a737-4d9c96d58324}</UniqueIdentifier>
    </Filter>
  </ItemGroup>
</Project>